
Microsoft Visual Studio Solution File, Format Version 12.00
# Visual Studio 2012
Project("{FAE04EC0-301F-11D3-BF4B-00C04F79EFBC}") = "SurfStoreApp", "SurfStoreApp\SurfStoreApp.csproj", "{F7B2045A-52B2-462A-8B12-BA9F9DA82530}"
EndProject
Global
	GlobalSection(SolutionConfigurationPlatforms) = preSolution
		Debug|Any CPU = Debug|Any CPU
		Release|Any CPU = Release|Any CPU
	EndGlobalSection
	GlobalSection(ProjectConfigurationPlatforms) = postSolution
		{F7B2045A-52B2-462A-8B12-BA9F9DA82530}.Debug|Any CPU.ActiveCfg = Debug|Any CPU
		{F7B2045A-52B2-462A-8B12-BA9F9DA82530}.Debug|Any CPU.Build.0 = Debug|Any CPU
		{F7B2045A-52B2-462A-8B12-BA9F9DA82530}.Release|Any CPU.ActiveCfg = Release|Any CPU
		{F7B2045A-52B2-462A-8B12-BA9F9DA82530}.Release|Any CPU.Build.0 = Release|Any CPU
	EndGlobalSection
	GlobalSection(SolutionProperties) = preSolution
		HideSolutionNode = FALSE
	EndGlobalSection
EndGlobal
