
Microsoft Visual Studio Solution File, Format Version 12.00
# Visual Studio 2012
Project("{FAE04EC0-301F-11D3-BF4B-00C04F79EFBC}") = "SurfStoreApp", "SurfStoreApp\SurfStoreApp.csproj", "{7D409D67-E750-4DA4-B439-FC03C1694AEF}"
EndProject
Global
	GlobalSection(SolutionConfigurationPlatforms) = preSolution
		Debug|Any CPU = Debug|Any CPU
		Release|Any CPU = Release|Any CPU
	EndGlobalSection
	GlobalSection(ProjectConfigurationPlatforms) = postSolution
		{7D409D67-E750-4DA4-B439-FC03C1694AEF}.Debug|Any CPU.ActiveCfg = Debug|Any CPU
		{7D409D67-E750-4DA4-B439-FC03C1694AEF}.Debug|Any CPU.Build.0 = Debug|Any CPU
		{7D409D67-E750-4DA4-B439-FC03C1694AEF}.Release|Any CPU.ActiveCfg = Release|Any CPU
		{7D409D67-E750-4DA4-B439-FC03C1694AEF}.Release|Any CPU.Build.0 = Release|Any CPU
	EndGlobalSection
	GlobalSection(SolutionProperties) = preSolution
		HideSolutionNode = FALSE
	EndGlobalSection
EndGlobal
